
Microsoft Visual Studio Solution File, Format Version 12.00
# Visual Studio Version 16
VisualStudioVersion = 16.0.31727.386
MinimumVisualStudioVersion = 10.0.40219.1
Project("{FAE04EC0-301F-11D3-BF4B-00C04F79EFBC}") = "QuyLe.Web.Editor", "QuyLe.Web.Editor\QuyLe.Web.Editor.csproj", "{B1EC4693-F811-4E9F-AD48-A5FE9AAB8FDF}"
EndProject
Global
	GlobalSection(SolutionConfigurationPlatforms) = preSolution
		Debug|Any CPU = Debug|Any CPU
		Release|Any CPU = Release|Any CPU
	EndGlobalSection
	GlobalSection(ProjectConfigurationPlatforms) = postSolution
		{B1EC4693-F811-4E9F-AD48-A5FE9AAB8FDF}.Debug|Any CPU.ActiveCfg = Debug|Any CPU
		{B1EC4693-F811-4E9F-AD48-A5FE9AAB8FDF}.Debug|Any CPU.Build.0 = Debug|Any CPU
		{B1EC4693-F811-4E9F-AD48-A5FE9AAB8FDF}.Release|Any CPU.ActiveCfg = Release|Any CPU
		{B1EC4693-F811-4E9F-AD48-A5FE9AAB8FDF}.Release|Any CPU.Build.0 = Release|Any CPU
	EndGlobalSection
	GlobalSection(SolutionProperties) = preSolution
		HideSolutionNode = FALSE
	EndGlobalSection
	GlobalSection(ExtensibilityGlobals) = postSolution
		SolutionGuid = {3087F278-74EC-4233-AAF1-4F0787330E7F}
	EndGlobalSection
EndGlobal
